
Microsoft Visual Studio Solution File, Format Version 12.00
# Visual Studio Version 17
VisualStudioVersion = 17.12.35506.116 d17.12
MinimumVisualStudioVersion = 10.0.40219.1
Project("{FAE04EC0-301F-11D3-BF4B-00C04F79EFBC}") = "FixCrateMod", "FixCrateMod\FixCrateMod.csproj", "{4A30386E-618D-41C7-A209-76887D4645A0}"
EndProject
Project("{FAE04EC0-301F-11D3-BF4B-00C04F79EFBC}") = "CakeBuild", "ZZCakeBuild\CakeBuild.csproj", "{67034623-573F-45F9-8567-D53F40984539}"
EndProject
Project("{FAE04EC0-301F-11D3-BF4B-00C04F79EFBC}") = "FixCrateMod.Tests", "FixCrateMod.Tests\FixCrateMod.Tests.csproj", "{EB54F60E-BD93-492F-9C45-D8A911C6B0B3}"
EndProject
Project("{FAE04EC0-301F-11D3-BF4B-00C04F79EFBC}") = "SampleClassLib", "SampleClassLib\SampleClassLib.csproj", "{2E73E254-86ED-408F-BDC8-D53FBCD218F8}"
EndProject
Global
	GlobalSection(SolutionConfigurationPlatforms) = preSolution
		Debug|Any CPU = Debug|Any CPU
		Release|Any CPU = Release|Any CPU
	EndGlobalSection
	GlobalSection(ProjectConfigurationPlatforms) = postSolution
		{4A30386E-618D-41C7-A209-76887D4645A0}.Debug|Any CPU.ActiveCfg = Debug|Any CPU
		{4A30386E-618D-41C7-A209-76887D4645A0}.Debug|Any CPU.Build.0 = Debug|Any CPU
		{4A30386E-618D-41C7-A209-76887D4645A0}.Release|Any CPU.ActiveCfg = Release|Any CPU
		{4A30386E-618D-41C7-A209-76887D4645A0}.Release|Any CPU.Build.0 = Release|Any CPU
		{67034623-573F-45F9-8567-D53F40984539}.Debug|Any CPU.ActiveCfg = Debug|Any CPU
		{67034623-573F-45F9-8567-D53F40984539}.Debug|Any CPU.Build.0 = Debug|Any CPU
		{67034623-573F-45F9-8567-D53F40984539}.Release|Any CPU.ActiveCfg = Release|Any CPU
		{67034623-573F-45F9-8567-D53F40984539}.Release|Any CPU.Build.0 = Release|Any CPU
		{EB54F60E-BD93-492F-9C45-D8A911C6B0B3}.Debug|Any CPU.ActiveCfg = Debug|Any CPU
		{EB54F60E-BD93-492F-9C45-D8A911C6B0B3}.Debug|Any CPU.Build.0 = Debug|Any CPU
		{EB54F60E-BD93-492F-9C45-D8A911C6B0B3}.Release|Any CPU.ActiveCfg = Release|Any CPU
		{EB54F60E-BD93-492F-9C45-D8A911C6B0B3}.Release|Any CPU.Build.0 = Release|Any CPU
		{2E73E254-86ED-408F-BDC8-D53FBCD218F8}.Debug|Any CPU.ActiveCfg = Debug|Any CPU
		{2E73E254-86ED-408F-BDC8-D53FBCD218F8}.Debug|Any CPU.Build.0 = Debug|Any CPU
		{2E73E254-86ED-408F-BDC8-D53FBCD218F8}.Release|Any CPU.ActiveCfg = Release|Any CPU
		{2E73E254-86ED-408F-BDC8-D53FBCD218F8}.Release|Any CPU.Build.0 = Release|Any CPU
	EndGlobalSection
	GlobalSection(SolutionProperties) = preSolution
		HideSolutionNode = FALSE
	EndGlobalSection
EndGlobal
